
Microsoft Visual Studio Solution File, Format Version 12.00
# Visual Studio 15
VisualStudioVersion = 15.0.28307.168
MinimumVisualStudioVersion = 10.0.40219.1
Project("{FAE04EC0-301F-11D3-BF4B-00C04F79EFBC}") = "HelloWorld", "HelloWorld\HelloWorld.csproj", "{2EFA6A1A-7EB4-4FB4-B790-BEB18701F74D}"
EndProject
Project("{FAE04EC0-301F-11D3-BF4B-00C04F79EFBC}") = "Zahlenraten", "Zahlenraten\Zahlenraten.csproj", "{B02A5D76-34EF-4810-A4DB-85F3A535CBF1}"
EndProject
Project("{FAE04EC0-301F-11D3-BF4B-00C04F79EFBC}") = "Lotto", "Lotto\Lotto.csproj", "{71F88C62-40F0-4125-BC70-256549A3B0D0}"
EndProject
Project("{FAE04EC0-301F-11D3-BF4B-00C04F79EFBC}") = "Enumerationen", "Enumerationen\Enumerationen.csproj", "{212C9430-CE3D-4707-BF77-F9024F5C22A2}"
EndProject
Project("{FAE04EC0-301F-11D3-BF4B-00C04F79EFBC}") = "KlassenDemo", "DEmo\KlassenDemo.csproj", "{C94E2D56-C3BC-44C7-B323-C101E8122073}"
EndProject
Project("{FAE04EC0-301F-11D3-BF4B-00C04F79EFBC}") = "Hochzeitsmanager", "Hochzeitsmanager\Hochzeitsmanager.csproj", "{40F87B88-9F71-437A-B3A3-AF07A77F3789}"
EndProject
Global
	GlobalSection(SolutionConfigurationPlatforms) = preSolution
		Debug|Any CPU = Debug|Any CPU
		Debug|ARM = Debug|ARM
		Debug|x64 = Debug|x64
		Debug|x86 = Debug|x86
		Release|Any CPU = Release|Any CPU
		Release|ARM = Release|ARM
		Release|x64 = Release|x64
		Release|x86 = Release|x86
	EndGlobalSection
	GlobalSection(ProjectConfigurationPlatforms) = postSolution
		{2EFA6A1A-7EB4-4FB4-B790-BEB18701F74D}.Debug|Any CPU.ActiveCfg = Debug|Any CPU
		{2EFA6A1A-7EB4-4FB4-B790-BEB18701F74D}.Debug|Any CPU.Build.0 = Debug|Any CPU
		{2EFA6A1A-7EB4-4FB4-B790-BEB18701F74D}.Debug|ARM.ActiveCfg = Debug|Any CPU
		{2EFA6A1A-7EB4-4FB4-B790-BEB18701F74D}.Debug|ARM.Build.0 = Debug|Any CPU
		{2EFA6A1A-7EB4-4FB4-B790-BEB18701F74D}.Debug|x64.ActiveCfg = Debug|Any CPU
		{2EFA6A1A-7EB4-4FB4-B790-BEB18701F74D}.Debug|x64.Build.0 = Debug|Any CPU
		{2EFA6A1A-7EB4-4FB4-B790-BEB18701F74D}.Debug|x86.ActiveCfg = Debug|Any CPU
		{2EFA6A1A-7EB4-4FB4-B790-BEB18701F74D}.Debug|x86.Build.0 = Debug|Any CPU
		{2EFA6A1A-7EB4-4FB4-B790-BEB18701F74D}.Release|Any CPU.ActiveCfg = Release|Any CPU
		{2EFA6A1A-7EB4-4FB4-B790-BEB18701F74D}.Release|Any CPU.Build.0 = Release|Any CPU
		{2EFA6A1A-7EB4-4FB4-B790-BEB18701F74D}.Release|ARM.ActiveCfg = Release|Any CPU
		{2EFA6A1A-7EB4-4FB4-B790-BEB18701F74D}.Release|ARM.Build.0 = Release|Any CPU
		{2EFA6A1A-7EB4-4FB4-B790-BEB18701F74D}.Release|x64.ActiveCfg = Release|Any CPU
		{2EFA6A1A-7EB4-4FB4-B790-BEB18701F74D}.Release|x64.Build.0 = Release|Any CPU
		{2EFA6A1A-7EB4-4FB4-B790-BEB18701F74D}.Release|x86.ActiveCfg = Release|Any CPU
		{2EFA6A1A-7EB4-4FB4-B790-BEB18701F74D}.Release|x86.Build.0 = Release|Any CPU
		{B02A5D76-34EF-4810-A4DB-85F3A535CBF1}.Debug|Any CPU.ActiveCfg = Debug|Any CPU
		{B02A5D76-34EF-4810-A4DB-85F3A535CBF1}.Debug|Any CPU.Build.0 = Debug|Any CPU
		{B02A5D76-34EF-4810-A4DB-85F3A535CBF1}.Debug|ARM.ActiveCfg = Debug|Any CPU
		{B02A5D76-34EF-4810-A4DB-85F3A535CBF1}.Debug|ARM.Build.0 = Debug|Any CPU
		{B02A5D76-34EF-4810-A4DB-85F3A535CBF1}.Debug|x64.ActiveCfg = Debug|Any CPU
		{B02A5D76-34EF-4810-A4DB-85F3A535CBF1}.Debug|x64.Build.0 = Debug|Any CPU
		{B02A5D76-34EF-4810-A4DB-85F3A535CBF1}.Debug|x86.ActiveCfg = Debug|Any CPU
		{B02A5D76-34EF-4810-A4DB-85F3A535CBF1}.Debug|x86.Build.0 = Debug|Any CPU
		{B02A5D76-34EF-4810-A4DB-85F3A535CBF1}.Release|Any CPU.ActiveCfg = Release|Any CPU
		{B02A5D76-34EF-4810-A4DB-85F3A535CBF1}.Release|Any CPU.Build.0 = Release|Any CPU
		{B02A5D76-34EF-4810-A4DB-85F3A535CBF1}.Release|ARM.ActiveCfg = Release|Any CPU
		{B02A5D76-34EF-4810-A4DB-85F3A535CBF1}.Release|ARM.Build.0 = Release|Any CPU
		{B02A5D76-34EF-4810-A4DB-85F3A535CBF1}.Release|x64.ActiveCfg = Release|Any CPU
		{B02A5D76-34EF-4810-A4DB-85F3A535CBF1}.Release|x64.Build.0 = Release|Any CPU
		{B02A5D76-34EF-4810-A4DB-85F3A535CBF1}.Release|x86.ActiveCfg = Release|Any CPU
		{B02A5D76-34EF-4810-A4DB-85F3A535CBF1}.Release|x86.Build.0 = Release|Any CPU
		{71F88C62-40F0-4125-BC70-256549A3B0D0}.Debug|Any CPU.ActiveCfg = Debug|Any CPU
		{71F88C62-40F0-4125-BC70-256549A3B0D0}.Debug|Any CPU.Build.0 = Debug|Any CPU
		{71F88C62-40F0-4125-BC70-256549A3B0D0}.Debug|ARM.ActiveCfg = Debug|Any CPU
		{71F88C62-40F0-4125-BC70-256549A3B0D0}.Debug|ARM.Build.0 = Debug|Any CPU
		{71F88C62-40F0-4125-BC70-256549A3B0D0}.Debug|x64.ActiveCfg = Debug|Any CPU
		{71F88C62-40F0-4125-BC70-256549A3B0D0}.Debug|x64.Build.0 = Debug|Any CPU
		{71F88C62-40F0-4125-BC70-256549A3B0D0}.Debug|x86.ActiveCfg = Debug|Any CPU
		{71F88C62-40F0-4125-BC70-256549A3B0D0}.Debug|x86.Build.0 = Debug|Any CPU
		{71F88C62-40F0-4125-BC70-256549A3B0D0}.Release|Any CPU.ActiveCfg = Release|Any CPU
		{71F88C62-40F0-4125-BC70-256549A3B0D0}.Release|Any CPU.Build.0 = Release|Any CPU
		{71F88C62-40F0-4125-BC70-256549A3B0D0}.Release|ARM.ActiveCfg = Release|Any CPU
		{71F88C62-40F0-4125-BC70-256549A3B0D0}.Release|ARM.Build.0 = Release|Any CPU
		{71F88C62-40F0-4125-BC70-256549A3B0D0}.Release|x64.ActiveCfg = Release|Any CPU
		{71F88C62-40F0-4125-BC70-256549A3B0D0}.Release|x64.Build.0 = Release|Any CPU
		{71F88C62-40F0-4125-BC70-256549A3B0D0}.Release|x86.ActiveCfg = Release|Any CPU
		{71F88C62-40F0-4125-BC70-256549A3B0D0}.Release|x86.Build.0 = Release|Any CPU
		{212C9430-CE3D-4707-BF77-F9024F5C22A2}.Debug|Any CPU.ActiveCfg = Debug|Any CPU
		{212C9430-CE3D-4707-BF77-F9024F5C22A2}.Debug|Any CPU.Build.0 = Debug|Any CPU
		{212C9430-CE3D-4707-BF77-F9024F5C22A2}.Debug|ARM.ActiveCfg = Debug|Any CPU
		{212C9430-CE3D-4707-BF77-F9024F5C22A2}.Debug|ARM.Build.0 = Debug|Any CPU
		{212C9430-CE3D-4707-BF77-F9024F5C22A2}.Debug|x64.ActiveCfg = Debug|Any CPU
		{212C9430-CE3D-4707-BF77-F9024F5C22A2}.Debug|x64.Build.0 = Debug|Any CPU
		{212C9430-CE3D-4707-BF77-F9024F5C22A2}.Debug|x86.ActiveCfg = Debug|Any CPU
		{212C9430-CE3D-4707-BF77-F9024F5C22A2}.Debug|x86.Build.0 = Debug|Any CPU
		{212C9430-CE3D-4707-BF77-F9024F5C22A2}.Release|Any CPU.ActiveCfg = Release|Any CPU
		{212C9430-CE3D-4707-BF77-F9024F5C22A2}.Release|Any CPU.Build.0 = Release|Any CPU
		{212C9430-CE3D-4707-BF77-F9024F5C22A2}.Release|ARM.ActiveCfg = Release|Any CPU
		{212C9430-CE3D-4707-BF77-F9024F5C22A2}.Release|ARM.Build.0 = Release|Any CPU
		{212C9430-CE3D-4707-BF77-F9024F5C22A2}.Release|x64.ActiveCfg = Release|Any CPU
		{212C9430-CE3D-4707-BF77-F9024F5C22A2}.Release|x64.Build.0 = Release|Any CPU
		{212C9430-CE3D-4707-BF77-F9024F5C22A2}.Release|x86.ActiveCfg = Release|Any CPU
		{212C9430-CE3D-4707-BF77-F9024F5C22A2}.Release|x86.Build.0 = Release|Any CPU
		{C94E2D56-C3BC-44C7-B323-C101E8122073}.Debug|Any CPU.ActiveCfg = Debug|Any CPU
		{C94E2D56-C3BC-44C7-B323-C101E8122073}.Debug|Any CPU.Build.0 = Debug|Any CPU
		{C94E2D56-C3BC-44C7-B323-C101E8122073}.Debug|ARM.ActiveCfg = Debug|Any CPU
		{C94E2D56-C3BC-44C7-B323-C101E8122073}.Debug|ARM.Build.0 = Debug|Any CPU
		{C94E2D56-C3BC-44C7-B323-C101E8122073}.Debug|x64.ActiveCfg = Debug|Any CPU
		{C94E2D56-C3BC-44C7-B323-C101E8122073}.Debug|x64.Build.0 = Debug|Any CPU
		{C94E2D56-C3BC-44C7-B323-C101E8122073}.Debug|x86.ActiveCfg = Debug|Any CPU
		{C94E2D56-C3BC-44C7-B323-C101E8122073}.Debug|x86.Build.0 = Debug|Any CPU
		{C94E2D56-C3BC-44C7-B323-C101E8122073}.Release|Any CPU.ActiveCfg = Release|Any CPU
		{C94E2D56-C3BC-44C7-B323-C101E8122073}.Release|Any CPU.Build.0 = Release|Any CPU
		{C94E2D56-C3BC-44C7-B323-C101E8122073}.Release|ARM.ActiveCfg = Release|Any CPU
		{C94E2D56-C3BC-44C7-B323-C101E8122073}.Release|ARM.Build.0 = Release|Any CPU
		{C94E2D56-C3BC-44C7-B323-C101E8122073}.Release|x64.ActiveCfg = Release|Any CPU
		{C94E2D56-C3BC-44C7-B323-C101E8122073}.Release|x64.Build.0 = Release|Any CPU
		{C94E2D56-C3BC-44C7-B323-C101E8122073}.Release|x86.ActiveCfg = Release|Any CPU
		{C94E2D56-C3BC-44C7-B323-C101E8122073}.Release|x86.Build.0 = Release|Any CPU
		{40F87B88-9F71-437A-B3A3-AF07A77F3789}.Debug|Any CPU.ActiveCfg = Debug|Any CPU
		{40F87B88-9F71-437A-B3A3-AF07A77F3789}.Debug|Any CPU.Build.0 = Debug|Any CPU
		{40F87B88-9F71-437A-B3A3-AF07A77F3789}.Debug|ARM.ActiveCfg = Debug|Any CPU
		{40F87B88-9F71-437A-B3A3-AF07A77F3789}.Debug|ARM.Build.0 = Debug|Any CPU
		{40F87B88-9F71-437A-B3A3-AF07A77F3789}.Debug|x64.ActiveCfg = Debug|Any CPU
		{40F87B88-9F71-437A-B3A3-AF07A77F3789}.Debug|x64.Build.0 = Debug|Any CPU
		{40F87B88-9F71-437A-B3A3-AF07A77F3789}.Debug|x86.ActiveCfg = Debug|Any CPU
		{40F87B88-9F71-437A-B3A3-AF07A77F3789}.Debug|x86.Build.0 = Debug|Any CPU
		{40F87B88-9F71-437A-B3A3-AF07A77F3789}.Release|Any CPU.ActiveCfg = Release|Any CPU
		{40F87B88-9F71-437A-B3A3-AF07A77F3789}.Release|Any CPU.Build.0 = Release|Any CPU
		{40F87B88-9F71-437A-B3A3-AF07A77F3789}.Release|ARM.ActiveCfg = Release|Any CPU
		{40F87B88-9F71-437A-B3A3-AF07A77F3789}.Release|ARM.Build.0 = Release|Any CPU
		{40F87B88-9F71-437A-B3A3-AF07A77F3789}.Release|x64.ActiveCfg = Release|Any CPU
		{40F87B88-9F71-437A-B3A3-AF07A77F3789}.Release|x64.Build.0 = Release|Any CPU
		{40F87B88-9F71-437A-B3A3-AF07A77F3789}.Release|x86.ActiveCfg = Release|Any CPU
		{40F87B88-9F71-437A-B3A3-AF07A77F3789}.Release|x86.Build.0 = Release|Any CPU
	EndGlobalSection
	GlobalSection(SolutionProperties) = preSolution
		HideSolutionNode = FALSE
	EndGlobalSection
	GlobalSection(ExtensibilityGlobals) = postSolution
		SolutionGuid = {81119EBE-2A5F-46F5-AC4E-CD7004FD8D7B}
	EndGlobalSection
EndGlobal
